
Microsoft Visual Studio Solution File, Format Version 12.00
# Visual Studio Version 17
VisualStudioVersion = 17.6.33829.357
MinimumVisualStudioVersion = 10.0.40219.1
Project("{FAE04EC0-301F-11D3-BF4B-00C04F79EFBC}") = "Products", "Products.csproj", "{3BDD5AC8-9E64-46B9-8687-D3B1A70345E8}"
EndProject
Global
	GlobalSection(SolutionConfigurationPlatforms) = preSolution
		Debug|Any CPU = Debug|Any CPU
		Release|Any CPU = Release|Any CPU
	EndGlobalSection
	GlobalSection(ProjectConfigurationPlatforms) = postSolution
		{3BDD5AC8-9E64-46B9-8687-D3B1A70345E8}.Debug|Any CPU.ActiveCfg = Debug|Any CPU
		{3BDD5AC8-9E64-46B9-8687-D3B1A70345E8}.Debug|Any CPU.Build.0 = Debug|Any CPU
		{3BDD5AC8-9E64-46B9-8687-D3B1A70345E8}.Release|Any CPU.ActiveCfg = Release|Any CPU
		{3BDD5AC8-9E64-46B9-8687-D3B1A70345E8}.Release|Any CPU.Build.0 = Release|Any CPU
	EndGlobalSection
	GlobalSection(SolutionProperties) = preSolution
		HideSolutionNode = FALSE
	EndGlobalSection
	GlobalSection(ExtensibilityGlobals) = postSolution
		SolutionGuid = {588EE894-1758-43FE-9C8E-AC0A28C03243}
	EndGlobalSection
EndGlobal
